Microsoft Visual Studio Solution File, Format Version 12.00
# Visual Studio 2012
Project("{FAE04EC0-301F-11D3-BF4B-00C04F79EFBC}") = "A_RPG", "A_RPG.csproj", "{0FDB27DD-E5E2-499E-B032-38DB3749F3EB}"
EndProject
Global
	GlobalSection(SolutionConfigurationPlatforms) = preSolution
	Debug|Any CPU = Debug|Any CPU
	ExportDebug|Any CPU = ExportDebug|Any CPU
	ExportRelease|Any CPU = ExportRelease|Any CPU
	EndGlobalSection
	GlobalSection(ProjectConfigurationPlatforms) = postSolution
		{0FDB27DD-E5E2-499E-B032-38DB3749F3EB}.Debug|Any CPU.ActiveCfg = Debug|Any CPU
		{0FDB27DD-E5E2-499E-B032-38DB3749F3EB}.Debug|Any CPU.Build.0 = Debug|Any CPU
		{0FDB27DD-E5E2-499E-B032-38DB3749F3EB}.ExportDebug|Any CPU.ActiveCfg = ExportDebug|Any CPU
		{0FDB27DD-E5E2-499E-B032-38DB3749F3EB}.ExportDebug|Any CPU.Build.0 = ExportDebug|Any CPU
		{0FDB27DD-E5E2-499E-B032-38DB3749F3EB}.ExportRelease|Any CPU.ActiveCfg = ExportRelease|Any CPU
		{0FDB27DD-E5E2-499E-B032-38DB3749F3EB}.ExportRelease|Any CPU.Build.0 = ExportRelease|Any CPU
	EndGlobalSection
EndGlobal
